
Microsoft Visual Studio Solution File, Format Version 12.00
# Visual Studio Version 17
VisualStudioVersion = 17.0.31903.59
MinimumVisualStudioVersion = 10.0.40219.1
Project("{FAE04EC0-301F-11D3-BF4B-00C04F79EFBC}") = "KinemaX", "KinemaX\KinemaX.csproj", "{725EBC0F-65E2-47E2-BD7D-A15E4F463460}"
EndProject
Project("{FAE04EC0-301F-11D3-BF4B-00C04F79EFBC}") = "KinemaX.Tests", "KinemaX.Tests\KinemaX.Tests.csproj", "{4E61E1ED-4CA5-4E96-95FD-56EAD71E8913}"
EndProject
Global
	GlobalSection(SolutionConfigurationPlatforms) = preSolution
		Debug|Any CPU = Debug|Any CPU
		Release|Any CPU = Release|Any CPU
	EndGlobalSection
	GlobalSection(SolutionProperties) = preSolution
		HideSolutionNode = FALSE
	EndGlobalSection
	GlobalSection(ProjectConfigurationPlatforms) = postSolution
		{725EBC0F-65E2-47E2-BD7D-A15E4F463460}.Debug|Any CPU.ActiveCfg = Debug|Any CPU
		{725EBC0F-65E2-47E2-BD7D-A15E4F463460}.Debug|Any CPU.Build.0 = Debug|Any CPU
		{725EBC0F-65E2-47E2-BD7D-A15E4F463460}.Release|Any CPU.ActiveCfg = Release|Any CPU
		{725EBC0F-65E2-47E2-BD7D-A15E4F463460}.Release|Any CPU.Build.0 = Release|Any CPU
		{4E61E1ED-4CA5-4E96-95FD-56EAD71E8913}.Debug|Any CPU.ActiveCfg = Debug|Any CPU
		{4E61E1ED-4CA5-4E96-95FD-56EAD71E8913}.Debug|Any CPU.Build.0 = Debug|Any CPU
		{4E61E1ED-4CA5-4E96-95FD-56EAD71E8913}.Release|Any CPU.ActiveCfg = Release|Any CPU
		{4E61E1ED-4CA5-4E96-95FD-56EAD71E8913}.Release|Any CPU.Build.0 = Release|Any CPU
	EndGlobalSection
EndGlobal
